
Microsoft Visual Studio Solution File, Format Version 12.00
# Visual Studio 15
VisualStudioVersion = 15.0.26403.7
MinimumVisualStudioVersion = 10.0.40219.1
Project("{FAE04EC0-301F-11D3-BF4B-00C04F79EFBC}") = "PV.UWP", "MobileBDG\MobileBDG.UWP\PV.UWP.csproj", "{AB99E0FC-7D1E-4BFF-91BB-9A08D423AEA2}"
EndProject
Project("{FAE04EC0-301F-11D3-BF4B-00C04F79EFBC}") = "PV", "MobileBDG\MobileBDG\PV.csproj", "{9957A821-AE9B-4B56-9525-8D773CF86617}"
EndProject
Project("{FAE04EC0-301F-11D3-BF4B-00C04F79EFBC}") = "PV.iOS", "MobileBDG\MobileBDG.iOS\PV.iOS.csproj", "{EEFD21E2-050C-4E48-B2F7-9C1371F17A2B}"
EndProject
Project("{FAE04EC0-301F-11D3-BF4B-00C04F79EFBC}") = "PV.Android", "MobileBDG\MobileBDG.Android\PV.Android.csproj", "{DDE40C4A-E4D4-4A30-A1DC-1AD43C30BE9A}"
EndProject
Global
	GlobalSection(SolutionConfigurationPlatforms) = preSolution
		Ad-Hoc|Any CPU = Ad-Hoc|Any CPU
		Ad-Hoc|ARM = Ad-Hoc|ARM
		Ad-Hoc|iPhone = Ad-Hoc|iPhone
		Ad-Hoc|iPhoneSimulator = Ad-Hoc|iPhoneSimulator
		Ad-Hoc|x64 = Ad-Hoc|x64
		Ad-Hoc|x86 = Ad-Hoc|x86
		AppStore|Any CPU = AppStore|Any CPU
		AppStore|ARM = AppStore|ARM
		AppStore|iPhone = AppStore|iPhone
		AppStore|iPhoneSimulator = AppStore|iPhoneSimulator
		AppStore|x64 = AppStore|x64
		AppStore|x86 = AppStore|x86
		Debug|Any CPU = Debug|Any CPU
		Debug|ARM = Debug|ARM
		Debug|iPhone = Debug|iPhone
		Debug|iPhoneSimulator = Debug|iPhoneSimulator
		Debug|x64 = Debug|x64
		Debug|x86 = Debug|x86
		Release|Any CPU = Release|Any CPU
		Release|ARM = Release|ARM
		Release|iPhone = Release|iPhone
		Release|iPhoneSimulator = Release|iPhoneSimulator
		Release|x64 = Release|x64
		Release|x86 = Release|x86
	EndGlobalSection
	GlobalSection(ProjectConfigurationPlatforms) = postSolution
		{AB99E0FC-7D1E-4BFF-91BB-9A08D423AEA2}.Ad-Hoc|Any CPU.ActiveCfg = Release|x86
		{AB99E0FC-7D1E-4BFF-91BB-9A08D423AEA2}.Ad-Hoc|Any CPU.Build.0 = Release|x86
		{AB99E0FC-7D1E-4BFF-91BB-9A08D423AEA2}.Ad-Hoc|Any CPU.Deploy.0 = Release|x86
		{AB99E0FC-7D1E-4BFF-91BB-9A08D423AEA2}.Ad-Hoc|ARM.ActiveCfg = Release|ARM
		{AB99E0FC-7D1E-4BFF-91BB-9A08D423AEA2}.Ad-Hoc|ARM.Build.0 = Release|ARM
		{AB99E0FC-7D1E-4BFF-91BB-9A08D423AEA2}.Ad-Hoc|ARM.Deploy.0 = Release|ARM
		{AB99E0FC-7D1E-4BFF-91BB-9A08D423AEA2}.Ad-Hoc|iPhone.ActiveCfg = Release|x86
		{AB99E0FC-7D1E-4BFF-91BB-9A08D423AEA2}.Ad-Hoc|iPhone.Build.0 = Release|x86
		{AB99E0FC-7D1E-4BFF-91BB-9A08D423AEA2}.Ad-Hoc|iPhone.Deploy.0 = Release|x86
		{AB99E0FC-7D1E-4BFF-91BB-9A08D423AEA2}.Ad-Hoc|iPhoneSimulator.ActiveCfg = Release|x86
		{AB99E0FC-7D1E-4BFF-91BB-9A08D423AEA2}.Ad-Hoc|iPhoneSimulator.Build.0 = Release|x86
		{AB99E0FC-7D1E-4BFF-91BB-9A08D423AEA2}.Ad-Hoc|iPhoneSimulator.Deploy.0 = Release|x86
		{AB99E0FC-7D1E-4BFF-91BB-9A08D423AEA2}.Ad-Hoc|x64.ActiveCfg = Release|x64
		{AB99E0FC-7D1E-4BFF-91BB-9A08D423AEA2}.Ad-Hoc|x64.Build.0 = Release|x64
		{AB99E0FC-7D1E-4BFF-91BB-9A08D423AEA2}.Ad-Hoc|x64.Deploy.0 = Release|x64
		{AB99E0FC-7D1E-4BFF-91BB-9A08D423AEA2}.Ad-Hoc|x86.ActiveCfg = Release|x86
		{AB99E0FC-7D1E-4BFF-91BB-9A08D423AEA2}.Ad-Hoc|x86.Build.0 = Release|x86
		{AB99E0FC-7D1E-4BFF-91BB-9A08D423AEA2}.Ad-Hoc|x86.Deploy.0 = Release|x86
		{AB99E0FC-7D1E-4BFF-91BB-9A08D423AEA2}.AppStore|Any CPU.ActiveCfg = Release|x86
		{AB99E0FC-7D1E-4BFF-91BB-9A08D423AEA2}.AppStore|Any CPU.Build.0 = Release|x86
		{AB99E0FC-7D1E-4BFF-91BB-9A08D423AEA2}.AppStore|Any CPU.Deploy.0 = Release|x86
		{AB99E0FC-7D1E-4BFF-91BB-9A08D423AEA2}.AppStore|ARM.ActiveCfg = Release|ARM
		{AB99E0FC-7D1E-4BFF-91BB-9A08D423AEA2}.AppStore|ARM.Build.0 = Release|ARM
		{AB99E0FC-7D1E-4BFF-91BB-9A08D423AEA2}.AppStore|ARM.Deploy.0 = Release|ARM
		{AB99E0FC-7D1E-4BFF-91BB-9A08D423AEA2}.AppStore|iPhone.ActiveCfg = Release|x86
		{AB99E0FC-7D1E-4BFF-91BB-9A08D423AEA2}.AppStore|iPhone.Build.0 = Release|x86
		{AB99E0FC-7D1E-4BFF-91BB-9A08D423AEA2}.AppStore|iPhone.Deploy.0 = Release|x86
		{AB99E0FC-7D1E-4BFF-91BB-9A08D423AEA2}.AppStore|iPhoneSimulator.ActiveCfg = Release|x86
		{AB99E0FC-7D1E-4BFF-91BB-9A08D423AEA2}.AppStore|iPhoneSimulator.Build.0 = Release|x86
		{AB99E0FC-7D1E-4BFF-91BB-9A08D423AEA2}.AppStore|iPhoneSimulator.Deploy.0 = Release|x86
		{AB99E0FC-7D1E-4BFF-91BB-9A08D423AEA2}.AppStore|x64.ActiveCfg = Release|x64
		{AB99E0FC-7D1E-4BFF-91BB-9A08D423AEA2}.AppStore|x64.Build.0 = Release|x64
		{AB99E0FC-7D1E-4BFF-91BB-9A08D423AEA2}.AppStore|x64.Deploy.0 = Release|x64
		{AB99E0FC-7D1E-4BFF-91BB-9A08D423AEA2}.AppStore|x86.ActiveCfg = Release|x86
		{AB99E0FC-7D1E-4BFF-91BB-9A08D423AEA2}.AppStore|x86.Build.0 = Release|x86
		{AB99E0FC-7D1E-4BFF-91BB-9A08D423AEA2}.AppStore|x86.Deploy.0 = Release|x86
		{AB99E0FC-7D1E-4BFF-91BB-9A08D423AEA2}.Debug|Any CPU.ActiveCfg = Debug|x86
		{AB99E0FC-7D1E-4BFF-91BB-9A08D423AEA2}.Debug|ARM.ActiveCfg = Debug|ARM
		{AB99E0FC-7D1E-4BFF-91BB-9A08D423AEA2}.Debug|ARM.Build.0 = Debug|ARM
		{AB99E0FC-7D1E-4BFF-91BB-9A08D423AEA2}.Debug|ARM.Deploy.0 = Debug|ARM
		{AB99E0FC-7D1E-4BFF-91BB-9A08D423AEA2}.Debug|iPhone.ActiveCfg = Debug|x86
		{AB99E0FC-7D1E-4BFF-91BB-9A08D423AEA2}.Debug|iPhoneSimulator.ActiveCfg = Debug|x86
		{AB99E0FC-7D1E-4BFF-91BB-9A08D423AEA2}.Debug|x64.ActiveCfg = Debug|x64
		{AB99E0FC-7D1E-4BFF-91BB-9A08D423AEA2}.Debug|x64.Build.0 = Debug|x64
		{AB99E0FC-7D1E-4BFF-91BB-9A08D423AEA2}.Debug|x64.Deploy.0 = Debug|x64
		{AB99E0FC-7D1E-4BFF-91BB-9A08D423AEA2}.Debug|x86.ActiveCfg = Debug|x86
		{AB99E0FC-7D1E-4BFF-91BB-9A08D423AEA2}.Debug|x86.Build.0 = Debug|x86
		{AB99E0FC-7D1E-4BFF-91BB-9A08D423AEA2}.Debug|x86.Deploy.0 = Debug|x86
		{AB99E0FC-7D1E-4BFF-91BB-9A08D423AEA2}.Release|Any CPU.ActiveCfg = Release|x86
		{AB99E0FC-7D1E-4BFF-91BB-9A08D423AEA2}.Release|ARM.ActiveCfg = Release|ARM
		{AB99E0FC-7D1E-4BFF-91BB-9A08D423AEA2}.Release|ARM.Build.0 = Release|ARM
		{AB99E0FC-7D1E-4BFF-91BB-9A08D423AEA2}.Release|ARM.Deploy.0 = Release|ARM
		{AB99E0FC-7D1E-4BFF-91BB-9A08D423AEA2}.Release|iPhone.ActiveCfg = Release|x86
		{AB99E0FC-7D1E-4BFF-91BB-9A08D423AEA2}.Release|iPhoneSimulator.ActiveCfg = Release|x86
		{AB99E0FC-7D1E-4BFF-91BB-9A08D423AEA2}.Release|x64.ActiveCfg = Release|x64
		{AB99E0FC-7D1E-4BFF-91BB-9A08D423AEA2}.Release|x64.Build.0 = Release|x64
		{AB99E0FC-7D1E-4BFF-91BB-9A08D423AEA2}.Release|x64.Deploy.0 = Release|x64
		{AB99E0FC-7D1E-4BFF-91BB-9A08D423AEA2}.Release|x86.ActiveCfg = Release|x86
		{AB99E0FC-7D1E-4BFF-91BB-9A08D423AEA2}.Release|x86.Build.0 = Release|x86
		{AB99E0FC-7D1E-4BFF-91BB-9A08D423AEA2}.Release|x86.Deploy.0 = Release|x86
		{9957A821-AE9B-4B56-9525-8D773CF86617}.Ad-Hoc|Any CPU.ActiveCfg = Release|Any CPU
		{9957A821-AE9B-4B56-9525-8D773CF86617}.Ad-Hoc|Any CPU.Build.0 = Release|Any CPU
		{9957A821-AE9B-4B56-9525-8D773CF86617}.Ad-Hoc|ARM.ActiveCfg = Release|Any CPU
		{9957A821-AE9B-4B56-9525-8D773CF86617}.Ad-Hoc|ARM.Build.0 = Release|Any CPU
		{9957A821-AE9B-4B56-9525-8D773CF86617}.Ad-Hoc|iPhone.ActiveCfg = Release|Any CPU
		{9957A821-AE9B-4B56-9525-8D773CF86617}.Ad-Hoc|iPhone.Build.0 = Release|Any CPU
		{9957A821-AE9B-4B56-9525-8D773CF86617}.Ad-Hoc|iPhoneSimulator.ActiveCfg = Release|Any CPU
		{9957A821-AE9B-4B56-9525-8D773CF86617}.Ad-Hoc|iPhoneSimulator.Build.0 = Release|Any CPU
		{9957A821-AE9B-4B56-9525-8D773CF86617}.Ad-Hoc|x64.ActiveCfg = Release|Any CPU
		{9957A821-AE9B-4B56-9525-8D773CF86617}.Ad-Hoc|x64.Build.0 = Release|Any CPU
		{9957A821-AE9B-4B56-9525-8D773CF86617}.Ad-Hoc|x86.ActiveCfg = Release|Any CPU
		{9957A821-AE9B-4B56-9525-8D773CF86617}.Ad-Hoc|x86.Build.0 = Release|Any CPU
		{9957A821-AE9B-4B56-9525-8D773CF86617}.AppStore|Any CPU.ActiveCfg = Release|Any CPU
		{9957A821-AE9B-4B56-9525-8D773CF86617}.AppStore|Any CPU.Build.0 = Release|Any CPU
		{9957A821-AE9B-4B56-9525-8D773CF86617}.AppStore|ARM.ActiveCfg = Release|Any CPU
		{9957A821-AE9B-4B56-9525-8D773CF86617}.AppStore|ARM.Build.0 = Release|Any CPU
		{9957A821-AE9B-4B56-9525-8D773CF86617}.AppStore|iPhone.ActiveCfg = Release|Any CPU
		{9957A821-AE9B-4B56-9525-8D773CF86617}.AppStore|iPhone.Build.0 = Release|Any CPU
		{9957A821-AE9B-4B56-9525-8D773CF86617}.AppStore|iPhoneSimulator.ActiveCfg = Release|Any CPU
		{9957A821-AE9B-4B56-9525-8D773CF86617}.AppStore|iPhoneSimulator.Build.0 = Release|Any CPU
		{9957A821-AE9B-4B56-9525-8D773CF86617}.AppStore|x64.ActiveCfg = Release|Any CPU
		{9957A821-AE9B-4B56-9525-8D773CF86617}.AppStore|x64.Build.0 = Release|Any CPU
		{9957A821-AE9B-4B56-9525-8D773CF86617}.AppStore|x86.ActiveCfg = Release|Any CPU
		{9957A821-AE9B-4B56-9525-8D773CF86617}.AppStore|x86.Build.0 = Release|Any CPU
		{9957A821-AE9B-4B56-9525-8D773CF86617}.Debug|Any CPU.ActiveCfg = Debug|Any CPU
		{9957A821-AE9B-4B56-9525-8D773CF86617}.Debug|Any CPU.Build.0 = Debug|Any CPU
		{9957A821-AE9B-4B56-9525-8D773CF86617}.Debug|ARM.ActiveCfg = Debug|Any CPU
		{9957A821-AE9B-4B56-9525-8D773CF86617}.Debug|ARM.Build.0 = Debug|Any CPU
		{9957A821-AE9B-4B56-9525-8D773CF86617}.Debug|iPhone.ActiveCfg = Debug|Any CPU
		{9957A821-AE9B-4B56-9525-8D773CF86617}.Debug|iPhone.Build.0 = Debug|Any CPU
		{9957A821-AE9B-4B56-9525-8D773CF86617}.Debug|iPhoneSimulator.ActiveCfg = Debug|Any CPU
		{9957A821-AE9B-4B56-9525-8D773CF86617}.Debug|iPhoneSimulator.Build.0 = Debug|Any CPU
		{9957A821-AE9B-4B56-9525-8D773CF86617}.Debug|x64.ActiveCfg = Debug|Any CPU
		{9957A821-AE9B-4B56-9525-8D773CF86617}.Debug|x64.Build.0 = Debug|Any CPU
		{9957A821-AE9B-4B56-9525-8D773CF86617}.Debug|x86.ActiveCfg = Debug|Any CPU
		{9957A821-AE9B-4B56-9525-8D773CF86617}.Debug|x86.Build.0 = Debug|Any CPU
		{9957A821-AE9B-4B56-9525-8D773CF86617}.Release|Any CPU.ActiveCfg = Release|Any CPU
		{9957A821-AE9B-4B56-9525-8D773CF86617}.Release|Any CPU.Build.0 = Release|Any CPU
		{9957A821-AE9B-4B56-9525-8D773CF86617}.Release|ARM.ActiveCfg = Release|Any CPU
		{9957A821-AE9B-4B56-9525-8D773CF86617}.Release|ARM.Build.0 = Release|Any CPU
		{9957A821-AE9B-4B56-9525-8D773CF86617}.Release|iPhone.ActiveCfg = Release|Any CPU
		{9957A821-AE9B-4B56-9525-8D773CF86617}.Release|iPhone.Build.0 = Release|Any CPU
		{9957A821-AE9B-4B56-9525-8D773CF86617}.Release|iPhoneSimulator.ActiveCfg = Release|Any CPU
		{9957A821-AE9B-4B56-9525-8D773CF86617}.Release|iPhoneSimulator.Build.0 = Release|Any CPU
		{9957A821-AE9B-4B56-9525-8D773CF86617}.Release|x64.ActiveCfg = Release|Any CPU
		{9957A821-AE9B-4B56-9525-8D773CF86617}.Release|x64.Build.0 = Release|Any CPU
		{9957A821-AE9B-4B56-9525-8D773CF86617}.Release|x86.ActiveCfg = Release|Any CPU
		{9957A821-AE9B-4B56-9525-8D773CF86617}.Release|x86.Build.0 = Release|Any CPU
		{EEFD21E2-050C-4E48-B2F7-9C1371F17A2B}.Ad-Hoc|Any CPU.ActiveCfg = Ad-Hoc|iPhone
		{EEFD21E2-050C-4E48-B2F7-9C1371F17A2B}.Ad-Hoc|ARM.ActiveCfg = Ad-Hoc|iPhone
		{EEFD21E2-050C-4E48-B2F7-9C1371F17A2B}.Ad-Hoc|iPhone.ActiveCfg = Ad-Hoc|iPhone
		{EEFD21E2-050C-4E48-B2F7-9C1371F17A2B}.Ad-Hoc|iPhone.Build.0 = Ad-Hoc|iPhone
		{EEFD21E2-050C-4E48-B2F7-9C1371F17A2B}.Ad-Hoc|iPhoneSimulator.ActiveCfg = Ad-Hoc|iPhoneSimulator
		{EEFD21E2-050C-4E48-B2F7-9C1371F17A2B}.Ad-Hoc|iPhoneSimulator.Build.0 = Ad-Hoc|iPhoneSimulator
		{EEFD21E2-050C-4E48-B2F7-9C1371F17A2B}.Ad-Hoc|x64.ActiveCfg = Ad-Hoc|iPhone
		{EEFD21E2-050C-4E48-B2F7-9C1371F17A2B}.Ad-Hoc|x86.ActiveCfg = Ad-Hoc|iPhone
		{EEFD21E2-050C-4E48-B2F7-9C1371F17A2B}.AppStore|Any CPU.ActiveCfg = AppStore|iPhone
		{EEFD21E2-050C-4E48-B2F7-9C1371F17A2B}.AppStore|ARM.ActiveCfg = AppStore|iPhone
		{EEFD21E2-050C-4E48-B2F7-9C1371F17A2B}.AppStore|iPhone.ActiveCfg = AppStore|iPhone
		{EEFD21E2-050C-4E48-B2F7-9C1371F17A2B}.AppStore|iPhone.Build.0 = AppStore|iPhone
		{EEFD21E2-050C-4E48-B2F7-9C1371F17A2B}.AppStore|iPhoneSimulator.ActiveCfg = AppStore|iPhoneSimulator
		{EEFD21E2-050C-4E48-B2F7-9C1371F17A2B}.AppStore|iPhoneSimulator.Build.0 = AppStore|iPhoneSimulator
		{EEFD21E2-050C-4E48-B2F7-9C1371F17A2B}.AppStore|x64.ActiveCfg = AppStore|iPhone
		{EEFD21E2-050C-4E48-B2F7-9C1371F17A2B}.AppStore|x86.ActiveCfg = AppStore|iPhone
		{EEFD21E2-050C-4E48-B2F7-9C1371F17A2B}.Debug|Any CPU.ActiveCfg = Debug|iPhone
		{EEFD21E2-050C-4E48-B2F7-9C1371F17A2B}.Debug|ARM.ActiveCfg = Debug|iPhone
		{EEFD21E2-050C-4E48-B2F7-9C1371F17A2B}.Debug|iPhone.ActiveCfg = Debug|iPhone
		{EEFD21E2-050C-4E48-B2F7-9C1371F17A2B}.Debug|iPhone.Build.0 = Debug|iPhone
		{EEFD21E2-050C-4E48-B2F7-9C1371F17A2B}.Debug|iPhoneSimulator.ActiveCfg = Debug|iPhoneSimulator
		{EEFD21E2-050C-4E48-B2F7-9C1371F17A2B}.Debug|iPhoneSimulator.Build.0 = Debug|iPhoneSimulator
		{EEFD21E2-050C-4E48-B2F7-9C1371F17A2B}.Debug|x64.ActiveCfg = Debug|iPhone
		{EEFD21E2-050C-4E48-B2F7-9C1371F17A2B}.Debug|x86.ActiveCfg = Debug|iPhone
		{EEFD21E2-050C-4E48-B2F7-9C1371F17A2B}.Release|Any CPU.ActiveCfg = Release|iPhone
		{EEFD21E2-050C-4E48-B2F7-9C1371F17A2B}.Release|ARM.ActiveCfg = Release|iPhone
		{EEFD21E2-050C-4E48-B2F7-9C1371F17A2B}.Release|iPhone.ActiveCfg = Release|iPhone
		{EEFD21E2-050C-4E48-B2F7-9C1371F17A2B}.Release|iPhone.Build.0 = Release|iPhone
		{EEFD21E2-050C-4E48-B2F7-9C1371F17A2B}.Release|iPhoneSimulator.ActiveCfg = Release|iPhoneSimulator
		{EEFD21E2-050C-4E48-B2F7-9C1371F17A2B}.Release|iPhoneSimulator.Build.0 = Release|iPhoneSimulator
		{EEFD21E2-050C-4E48-B2F7-9C1371F17A2B}.Release|x64.ActiveCfg = Release|iPhone
		{EEFD21E2-050C-4E48-B2F7-9C1371F17A2B}.Release|x86.ActiveCfg = Release|iPhone
		{DDE40C4A-E4D4-4A30-A1DC-1AD43C30BE9A}.Ad-Hoc|Any CPU.ActiveCfg = Release|Any CPU
		{DDE40C4A-E4D4-4A30-A1DC-1AD43C30BE9A}.Ad-Hoc|Any CPU.Build.0 = Release|Any CPU
		{DDE40C4A-E4D4-4A30-A1DC-1AD43C30BE9A}.Ad-Hoc|Any CPU.Deploy.0 = Release|Any CPU
		{DDE40C4A-E4D4-4A30-A1DC-1AD43C30BE9A}.Ad-Hoc|ARM.ActiveCfg = Release|Any CPU
		{DDE40C4A-E4D4-4A30-A1DC-1AD43C30BE9A}.Ad-Hoc|ARM.Build.0 = Release|Any CPU
		{DDE40C4A-E4D4-4A30-A1DC-1AD43C30BE9A}.Ad-Hoc|ARM.Deploy.0 = Release|Any CPU
		{DDE40C4A-E4D4-4A30-A1DC-1AD43C30BE9A}.Ad-Hoc|iPhone.ActiveCfg = Release|Any CPU
		{DDE40C4A-E4D4-4A30-A1DC-1AD43C30BE9A}.Ad-Hoc|iPhone.Build.0 = Release|Any CPU
		{DDE40C4A-E4D4-4A30-A1DC-1AD43C30BE9A}.Ad-Hoc|iPhone.Deploy.0 = Release|Any CPU
		{DDE40C4A-E4D4-4A30-A1DC-1AD43C30BE9A}.Ad-Hoc|iPhoneSimulator.ActiveCfg = Release|Any CPU
		{DDE40C4A-E4D4-4A30-A1DC-1AD43C30BE9A}.Ad-Hoc|iPhoneSimulator.Build.0 = Release|Any CPU
		{DDE40C4A-E4D4-4A30-A1DC-1AD43C30BE9A}.Ad-Hoc|iPhoneSimulator.Deploy.0 = Release|Any CPU
		{DDE40C4A-E4D4-4A30-A1DC-1AD43C30BE9A}.Ad-Hoc|x64.ActiveCfg = Release|Any CPU
		{DDE40C4A-E4D4-4A30-A1DC-1AD43C30BE9A}.Ad-Hoc|x64.Build.0 = Release|Any CPU
		{DDE40C4A-E4D4-4A30-A1DC-1AD43C30BE9A}.Ad-Hoc|x64.Deploy.0 = Release|Any CPU
		{DDE40C4A-E4D4-4A30-A1DC-1AD43C30BE9A}.Ad-Hoc|x86.ActiveCfg = Release|Any CPU
		{DDE40C4A-E4D4-4A30-A1DC-1AD43C30BE9A}.Ad-Hoc|x86.Build.0 = Release|Any CPU
		{DDE40C4A-E4D4-4A30-A1DC-1AD43C30BE9A}.Ad-Hoc|x86.Deploy.0 = Release|Any CPU
		{DDE40C4A-E4D4-4A30-A1DC-1AD43C30BE9A}.AppStore|Any CPU.ActiveCfg = Release|Any CPU
		{DDE40C4A-E4D4-4A30-A1DC-1AD43C30BE9A}.AppStore|Any CPU.Build.0 = Release|Any CPU
		{DDE40C4A-E4D4-4A30-A1DC-1AD43C30BE9A}.AppStore|Any CPU.Deploy.0 = Release|Any CPU
		{DDE40C4A-E4D4-4A30-A1DC-1AD43C30BE9A}.AppStore|ARM.ActiveCfg = Release|Any CPU
		{DDE40C4A-E4D4-4A30-A1DC-1AD43C30BE9A}.AppStore|ARM.Build.0 = Release|Any CPU
		{DDE40C4A-E4D4-4A30-A1DC-1AD43C30BE9A}.AppStore|ARM.Deploy.0 = Release|Any CPU
		{DDE40C4A-E4D4-4A30-A1DC-1AD43C30BE9A}.AppStore|iPhone.ActiveCfg = Release|Any CPU
		{DDE40C4A-E4D4-4A30-A1DC-1AD43C30BE9A}.AppStore|iPhone.Build.0 = Release|Any CPU
		{DDE40C4A-E4D4-4A30-A1DC-1AD43C30BE9A}.AppStore|iPhone.Deploy.0 = Release|Any CPU
		{DDE40C4A-E4D4-4A30-A1DC-1AD43C30BE9A}.AppStore|iPhoneSimulator.ActiveCfg = Release|Any CPU
		{DDE40C4A-E4D4-4A30-A1DC-1AD43C30BE9A}.AppStore|iPhoneSimulator.Build.0 = Release|Any CPU
		{DDE40C4A-E4D4-4A30-A1DC-1AD43C30BE9A}.AppStore|iPhoneSimulator.Deploy.0 = Release|Any CPU
		{DDE40C4A-E4D4-4A30-A1DC-1AD43C30BE9A}.AppStore|x64.ActiveCfg = Release|Any CPU
		{DDE40C4A-E4D4-4A30-A1DC-1AD43C30BE9A}.AppStore|x64.Build.0 = Release|Any CPU
		{DDE40C4A-E4D4-4A30-A1DC-1AD43C30BE9A}.AppStore|x64.Deploy.0 = Release|Any CPU
		{DDE40C4A-E4D4-4A30-A1DC-1AD43C30BE9A}.AppStore|x86.ActiveCfg = Release|Any CPU
		{DDE40C4A-E4D4-4A30-A1DC-1AD43C30BE9A}.AppStore|x86.Build.0 = Release|Any CPU
		{DDE40C4A-E4D4-4A30-A1DC-1AD43C30BE9A}.AppStore|x86.Deploy.0 = Release|Any CPU
		{DDE40C4A-E4D4-4A30-A1DC-1AD43C30BE9A}.Debug|Any CPU.ActiveCfg = Debug|Any CPU
		{DDE40C4A-E4D4-4A30-A1DC-1AD43C30BE9A}.Debug|Any CPU.Build.0 = Debug|Any CPU
		{DDE40C4A-E4D4-4A30-A1DC-1AD43C30BE9A}.Debug|Any CPU.Deploy.0 = Debug|Any CPU
		{DDE40C4A-E4D4-4A30-A1DC-1AD43C30BE9A}.Debug|ARM.ActiveCfg = Debug|Any CPU
		{DDE40C4A-E4D4-4A30-A1DC-1AD43C30BE9A}.Debug|ARM.Build.0 = Debug|Any CPU
		{DDE40C4A-E4D4-4A30-A1DC-1AD43C30BE9A}.Debug|ARM.Deploy.0 = Debug|Any CPU
		{DDE40C4A-E4D4-4A30-A1DC-1AD43C30BE9A}.Debug|iPhone.ActiveCfg = Debug|Any CPU
		{DDE40C4A-E4D4-4A30-A1DC-1AD43C30BE9A}.Debug|iPhone.Build.0 = Debug|Any CPU
		{DDE40C4A-E4D4-4A30-A1DC-1AD43C30BE9A}.Debug|iPhone.Deploy.0 = Debug|Any CPU
		{DDE40C4A-E4D4-4A30-A1DC-1AD43C30BE9A}.Debug|iPhoneSimulator.ActiveCfg = Debug|Any CPU
		{DDE40C4A-E4D4-4A30-A1DC-1AD43C30BE9A}.Debug|iPhoneSimulator.Build.0 = Debug|Any CPU
		{DDE40C4A-E4D4-4A30-A1DC-1AD43C30BE9A}.Debug|iPhoneSimulator.Deploy.0 = Debug|Any CPU
		{DDE40C4A-E4D4-4A30-A1DC-1AD43C30BE9A}.Debug|x64.ActiveCfg = Debug|Any CPU
		{DDE40C4A-E4D4-4A30-A1DC-1AD43C30BE9A}.Debug|x64.Build.0 = Debug|Any CPU
		{DDE40C4A-E4D4-4A30-A1DC-1AD43C30BE9A}.Debug|x64.Deploy.0 = Debug|Any CPU
		{DDE40C4A-E4D4-4A30-A1DC-1AD43C30BE9A}.Debug|x86.ActiveCfg = Debug|Any CPU
		{DDE40C4A-E4D4-4A30-A1DC-1AD43C30BE9A}.Debug|x86.Build.0 = Debug|Any CPU
		{DDE40C4A-E4D4-4A30-A1DC-1AD43C30BE9A}.Debug|x86.Deploy.0 = Debug|Any CPU
		{DDE40C4A-E4D4-4A30-A1DC-1AD43C30BE9A}.Release|Any CPU.ActiveCfg = Release|Any CPU
		{DDE40C4A-E4D4-4A30-A1DC-1AD43C30BE9A}.Release|Any CPU.Build.0 = Release|Any CPU
		{DDE40C4A-E4D4-4A30-A1DC-1AD43C30BE9A}.Release|Any CPU.Deploy.0 = Release|Any CPU
		{DDE40C4A-E4D4-4A30-A1DC-1AD43C30BE9A}.Release|ARM.ActiveCfg = Release|Any CPU
		{DDE40C4A-E4D4-4A30-A1DC-1AD43C30BE9A}.Release|ARM.Build.0 = Release|Any CPU
		{DDE40C4A-E4D4-4A30-A1DC-1AD43C30BE9A}.Release|ARM.Deploy.0 = Release|Any CPU
		{DDE40C4A-E4D4-4A30-A1DC-1AD43C30BE9A}.Release|iPhone.ActiveCfg = Release|Any CPU
		{DDE40C4A-E4D4-4A30-A1DC-1AD43C30BE9A}.Release|iPhone.Build.0 = Release|Any CPU
		{DDE40C4A-E4D4-4A30-A1DC-1AD43C30BE9A}.Release|iPhone.Deploy.0 = Release|Any CPU
		{DDE40C4A-E4D4-4A30-A1DC-1AD43C30BE9A}.Release|iPhoneSimulator.ActiveCfg = Release|Any CPU
		{DDE40C4A-E4D4-4A30-A1DC-1AD43C30BE9A}.Release|iPhoneSimulator.Build.0 = Release|Any CPU
		{DDE40C4A-E4D4-4A30-A1DC-1AD43C30BE9A}.Release|iPhoneSimulator.Deploy.0 = Release|Any CPU
		{DDE40C4A-E4D4-4A30-A1DC-1AD43C30BE9A}.Release|x64.ActiveCfg = Release|Any CPU
		{DDE40C4A-E4D4-4A30-A1DC-1AD43C30BE9A}.Release|x64.Build.0 = Release|Any CPU
		{DDE40C4A-E4D4-4A30-A1DC-1AD43C30BE9A}.Release|x64.Deploy.0 = Release|Any CPU
		{DDE40C4A-E4D4-4A30-A1DC-1AD43C30BE9A}.Release|x86.ActiveCfg = Release|Any CPU
		{DDE40C4A-E4D4-4A30-A1DC-1AD43C30BE9A}.Release|x86.Build.0 = Release|Any CPU
		{DDE40C4A-E4D4-4A30-A1DC-1AD43C30BE9A}.Release|x86.Deploy.0 = Release|Any CPU
	EndGlobalSection
	GlobalSection(SolutionProperties) = preSolution
		HideSolutionNode = FALSE
	EndGlobalSection
EndGlobal
